
Microsoft Visual Studio Solution File, Format Version 12.00
# Visual Studio Version 17
VisualStudioVersion = 17.8.34525.116
MinimumVisualStudioVersion = 10.0.40219.1
Project("{8BC9CEB8-8B4A-11D0-8D11-00A0C91BC942}") = "labs_AIST", "labs_AIST\labs_AIST.vcxproj", "{C665AFC8-868B-43ED-A0D6-76ACCB1DB168}"
EndProject
Project("{8BC9CEB8-8B4A-11D0-8D11-00A0C91BC942}") = "lab1", "lab1\lab1.vcxproj", "{C3CC3D6B-698C-4F75-880B-8F222BDE5CD6}"
EndProject
Global
	GlobalSection(SolutionConfigurationPlatforms) = preSolution
		Debug|x64 = Debug|x64
		Debug|x86 = Debug|x86
		Release|x64 = Release|x64
		Release|x86 = Release|x86
	EndGlobalSection
	GlobalSection(ProjectConfigurationPlatforms) = postSolution
		{C665AFC8-868B-43ED-A0D6-76ACCB1DB168}.Debug|x64.ActiveCfg = Debug|x64
		{C665AFC8-868B-43ED-A0D6-76ACCB1DB168}.Debug|x64.Build.0 = Debug|x64
		{C665AFC8-868B-43ED-A0D6-76ACCB1DB168}.Debug|x86.ActiveCfg = Debug|Win32
		{C665AFC8-868B-43ED-A0D6-76ACCB1DB168}.Debug|x86.Build.0 = Debug|Win32
		{C665AFC8-868B-43ED-A0D6-76ACCB1DB168}.Release|x64.ActiveCfg = Release|x64
		{C665AFC8-868B-43ED-A0D6-76ACCB1DB168}.Release|x64.Build.0 = Release|x64
		{C665AFC8-868B-43ED-A0D6-76ACCB1DB168}.Release|x86.ActiveCfg = Release|Win32
		{C665AFC8-868B-43ED-A0D6-76ACCB1DB168}.Release|x86.Build.0 = Release|Win32
		{C3CC3D6B-698C-4F75-880B-8F222BDE5CD6}.Debug|x64.ActiveCfg = Debug|x64
		{C3CC3D6B-698C-4F75-880B-8F222BDE5CD6}.Debug|x64.Build.0 = Debug|x64
		{C3CC3D6B-698C-4F75-880B-8F222BDE5CD6}.Debug|x86.ActiveCfg = Debug|Win32
		{C3CC3D6B-698C-4F75-880B-8F222BDE5CD6}.Debug|x86.Build.0 = Debug|Win32
		{C3CC3D6B-698C-4F75-880B-8F222BDE5CD6}.Release|x64.ActiveCfg = Release|x64
		{C3CC3D6B-698C-4F75-880B-8F222BDE5CD6}.Release|x64.Build.0 = Release|x64
		{C3CC3D6B-698C-4F75-880B-8F222BDE5CD6}.Release|x86.ActiveCfg = Release|Win32
		{C3CC3D6B-698C-4F75-880B-8F222BDE5CD6}.Release|x86.Build.0 = Release|Win32
	EndGlobalSection
	GlobalSection(SolutionProperties) = preSolution
		HideSolutionNode = FALSE
	EndGlobalSection
	GlobalSection(ExtensibilityGlobals) = postSolution
		SolutionGuid = {21C6E87B-7713-48C7-9D93-A7B3A52DE8B1}
	EndGlobalSection
EndGlobal
